
Microsoft Visual Studio Solution File, Format Version 12.00
# Visual Studio Version 17
VisualStudioVersion = 17.5.002.0
MinimumVisualStudioVersion = 10.0.40219.1
Project("{2150E333-8FDC-42A3-9474-1A3956D46DE8}") = "csharp-prep", "csharp-prep", "{2017C802-BE1A-43AD-8F36-0EA9D8199BB1}"
EndProject
Project("{9A19103F-16F7-4668-BE54-9A1E7A4F7556}") = "Prep1", "csharp-prep\Prep1\Prep1.csproj", "{79977DFE-70A1-4E80-B381-6D45091AB073}"
EndProject
Project("{9A19103F-16F7-4668-BE54-9A1E7A4F7556}") = "Prep2", "csharp-prep\Prep2\Prep2.csproj", "{1B49BC9D-B505-4EA2-BDAB-5563BB523589}"
EndProject
Project("{9A19103F-16F7-4668-BE54-9A1E7A4F7556}") = "Prep3", "csharp-prep\Prep3\Prep3.csproj", "{7431B7C2-04DB-4747-B256-6AED3DFEBE95}"
EndProject
Project("{9A19103F-16F7-4668-BE54-9A1E7A4F7556}") = "Prep4", "csharp-prep\Prep4\Prep4.csproj", "{40B32384-E99E-414A-9F4A-A149F208FEE8}"
EndProject
Project("{9A19103F-16F7-4668-BE54-9A1E7A4F7556}") = "Prep5", "csharp-prep\Prep5\Prep5.csproj", "{EC4373EA-9B3F-4A13-9369-5E9F6A6C18E8}"
EndProject
Project("{2150E333-8FDC-42A3-9474-1A3956D46DE8}") = "final", "final", "{B0CDE8EC-6071-48A9-B649-BC5EC21CCF9A}"
EndProject
Project("{9A19103F-16F7-4668-BE54-9A1E7A4F7556}") = "FinalProject", "final\FinalProject\FinalProject.csproj", "{6DF794F4-72F5-4803-B175-E5AABDBFBD1C}"
EndProject
Project("{9A19103F-16F7-4668-BE54-9A1E7A4F7556}") = "Foundation1", "final\Foundation1\Foundation1.csproj", "{5F6B9371-6E0C-4E1D-940E-68971574145C}"
EndProject
Project("{9A19103F-16F7-4668-BE54-9A1E7A4F7556}") = "Foundation2", "final\Foundation2\Foundation2.csproj", "{A1B5B1B4-6B23-4E44-AB43-72398B6265E3}"
EndProject
Project("{9A19103F-16F7-4668-BE54-9A1E7A4F7556}") = "Foundation3", "final\Foundation3\Foundation3.csproj", "{47834A16-A064-46B3-9099-B1E1B3CB60F2}"
EndProject
Project("{9A19103F-16F7-4668-BE54-9A1E7A4F7556}") = "Foundation4", "final\Foundation4\Foundation4.csproj", "{26187724-907B-43D8-BB01-711F8B0C5A73}"
EndProject
Project("{2150E333-8FDC-42A3-9474-1A3956D46DE8}") = "prepare", "prepare", "{0B572C1C-29E8-451F-9C3C-BB1CAF0F38B8}"
EndProject
Project("{9A19103F-16F7-4668-BE54-9A1E7A4F7556}") = "Learning02", "prepare\Learning02\Learning02.csproj", "{ACDBAA5C-14F0-4240-BFEC-6D97321AEA46}"
EndProject
Project("{9A19103F-16F7-4668-BE54-9A1E7A4F7556}") = "Learning03", "prepare\Learning03\Learning03.csproj", "{8445DC57-814B-4509-8AFA-D2BC073E2989}"
EndProject
Project("{9A19103F-16F7-4668-BE54-9A1E7A4F7556}") = "Learning04", "prepare\Learning04\Learning04.csproj", "{6C935A11-0199-48B9-9163-A189B5828D6E}"
EndProject
Project("{9A19103F-16F7-4668-BE54-9A1E7A4F7556}") = "Learning05", "prepare\Learning05\Learning05.csproj", "{35740CFA-7816-44AD-A465-53EC41E6725C}"
EndProject
Project("{2150E333-8FDC-42A3-9474-1A3956D46DE8}") = "prove", "prove", "{739858C3-4244-4A2A-A706-87156305A5F8}"
EndProject
Project("{9A19103F-16F7-4668-BE54-9A1E7A4F7556}") = "Develop02", "prove\Develop02\Develop02.csproj", "{BE68FF07-343B-4A88-87A9-844812835846}"
EndProject
Project("{9A19103F-16F7-4668-BE54-9A1E7A4F7556}") = "Develop03", "prove\Develop03\Develop03.csproj", "{CFF8F2A7-BE6A-40E5-816B-457C0F9E98D1}"
EndProject
Project("{9A19103F-16F7-4668-BE54-9A1E7A4F7556}") = "Develop04", "prove\Develop04\Develop04.csproj", "{62ECB446-8096-46C5-B1D2-E6C90D5CA331}"
EndProject
Project("{9A19103F-16F7-4668-BE54-9A1E7A4F7556}") = "Develop05", "prove\Develop05\Develop05.csproj", "{EF7B19AA-EF7E-4B0F-A0F2-F379E26C511E}"
EndProject
Project("{2150E333-8FDC-42A3-9474-1A3956D46DE8}") = "sandbox", "sandbox", "{C9E72A17-CAE4-4223-A96B-77814765B002}"
EndProject
Project("{9A19103F-16F7-4668-BE54-9A1E7A4F7556}") = "Sandbox", "sandbox\Sandbox\Sandbox.csproj", "{02F1616B-0DFD-493F-86E7-B407759E868A}"
EndProject
Global
	GlobalSection(SolutionConfigurationPlatforms) = preSolution
		Debug|Any CPU = Debug|Any CPU
		Release|Any CPU = Release|Any CPU
	EndGlobalSection
	GlobalSection(ProjectConfigurationPlatforms) = postSolution
		{79977DFE-70A1-4E80-B381-6D45091AB073}.Debug|Any CPU.ActiveCfg = Debug|Any CPU
		{79977DFE-70A1-4E80-B381-6D45091AB073}.Debug|Any CPU.Build.0 = Debug|Any CPU
		{79977DFE-70A1-4E80-B381-6D45091AB073}.Release|Any CPU.ActiveCfg = Release|Any CPU
		{79977DFE-70A1-4E80-B381-6D45091AB073}.Release|Any CPU.Build.0 = Release|Any CPU
		{1B49BC9D-B505-4EA2-BDAB-5563BB523589}.Debug|Any CPU.ActiveCfg = Debug|Any CPU
		{1B49BC9D-B505-4EA2-BDAB-5563BB523589}.Debug|Any CPU.Build.0 = Debug|Any CPU
		{1B49BC9D-B505-4EA2-BDAB-5563BB523589}.Release|Any CPU.ActiveCfg = Release|Any CPU
		{1B49BC9D-B505-4EA2-BDAB-5563BB523589}.Release|Any CPU.Build.0 = Release|Any CPU
		{7431B7C2-04DB-4747-B256-6AED3DFEBE95}.Debug|Any CPU.ActiveCfg = Debug|Any CPU
		{7431B7C2-04DB-4747-B256-6AED3DFEBE95}.Debug|Any CPU.Build.0 = Debug|Any CPU
		{7431B7C2-04DB-4747-B256-6AED3DFEBE95}.Release|Any CPU.ActiveCfg = Release|Any CPU
		{7431B7C2-04DB-4747-B256-6AED3DFEBE95}.Release|Any CPU.Build.0 = Release|Any CPU
		{40B32384-E99E-414A-9F4A-A149F208FEE8}.Debug|Any CPU.ActiveCfg = Debug|Any CPU
		{40B32384-E99E-414A-9F4A-A149F208FEE8}.Debug|Any CPU.Build.0 = Debug|Any CPU
		{40B32384-E99E-414A-9F4A-A149F208FEE8}.Release|Any CPU.ActiveCfg = Release|Any CPU
		{40B32384-E99E-414A-9F4A-A149F208FEE8}.Release|Any CPU.Build.0 = Release|Any CPU
		{EC4373EA-9B3F-4A13-9369-5E9F6A6C18E8}.Debug|Any CPU.ActiveCfg = Debug|Any CPU
		{EC4373EA-9B3F-4A13-9369-5E9F6A6C18E8}.Debug|Any CPU.Build.0 = Debug|Any CPU
		{EC4373EA-9B3F-4A13-9369-5E9F6A6C18E8}.Release|Any CPU.ActiveCfg = Release|Any CPU
		{EC4373EA-9B3F-4A13-9369-5E9F6A6C18E8}.Release|Any CPU.Build.0 = Release|Any CPU
		{6DF794F4-72F5-4803-B175-E5AABDBFBD1C}.Debug|Any CPU.ActiveCfg = Debug|Any CPU
		{6DF794F4-72F5-4803-B175-E5AABDBFBD1C}.Debug|Any CPU.Build.0 = Debug|Any CPU
		{6DF794F4-72F5-4803-B175-E5AABDBFBD1C}.Release|Any CPU.ActiveCfg = Release|Any CPU
		{6DF794F4-72F5-4803-B175-E5AABDBFBD1C}.Release|Any CPU.Build.0 = Release|Any CPU
		{5F6B9371-6E0C-4E1D-940E-68971574145C}.Debug|Any CPU.ActiveCfg = Debug|Any CPU
		{5F6B9371-6E0C-4E1D-940E-68971574145C}.Debug|Any CPU.Build.0 = Debug|Any CPU
		{5F6B9371-6E0C-4E1D-940E-68971574145C}.Release|Any CPU.ActiveCfg = Release|Any CPU
		{5F6B9371-6E0C-4E1D-940E-68971574145C}.Release|Any CPU.Build.0 = Release|Any CPU
		{A1B5B1B4-6B23-4E44-AB43-72398B6265E3}.Debug|Any CPU.ActiveCfg = Debug|Any CPU
		{A1B5B1B4-6B23-4E44-AB43-72398B6265E3}.Debug|Any CPU.Build.0 = Debug|Any CPU
		{A1B5B1B4-6B23-4E44-AB43-72398B6265E3}.Release|Any CPU.ActiveCfg = Release|Any CPU
		{A1B5B1B4-6B23-4E44-AB43-72398B6265E3}.Release|Any CPU.Build.0 = Release|Any CPU
		{47834A16-A064-46B3-9099-B1E1B3CB60F2}.Debug|Any CPU.ActiveCfg = Debug|Any CPU
		{47834A16-A064-46B3-9099-B1E1B3CB60F2}.Debug|Any CPU.Build.0 = Debug|Any CPU
		{47834A16-A064-46B3-9099-B1E1B3CB60F2}.Release|Any CPU.ActiveCfg = Release|Any CPU
		{47834A16-A064-46B3-9099-B1E1B3CB60F2}.Release|Any CPU.Build.0 = Release|Any CPU
		{26187724-907B-43D8-BB01-711F8B0C5A73}.Debug|Any CPU.ActiveCfg = Debug|Any CPU
		{26187724-907B-43D8-BB01-711F8B0C5A73}.Debug|Any CPU.Build.0 = Debug|Any CPU
		{26187724-907B-43D8-BB01-711F8B0C5A73}.Release|Any CPU.ActiveCfg = Release|Any CPU
		{26187724-907B-43D8-BB01-711F8B0C5A73}.Release|Any CPU.Build.0 = Release|Any CPU
		{ACDBAA5C-14F0-4240-BFEC-6D97321AEA46}.Debug|Any CPU.ActiveCfg = Debug|Any CPU
		{ACDBAA5C-14F0-4240-BFEC-6D97321AEA46}.Debug|Any CPU.Build.0 = Debug|Any CPU
		{ACDBAA5C-14F0-4240-BFEC-6D97321AEA46}.Release|Any CPU.ActiveCfg = Release|Any CPU
		{ACDBAA5C-14F0-4240-BFEC-6D97321AEA46}.Release|Any CPU.Build.0 = Release|Any CPU
		{8445DC57-814B-4509-8AFA-D2BC073E2989}.Debug|Any CPU.ActiveCfg = Debug|Any CPU
		{8445DC57-814B-4509-8AFA-D2BC073E2989}.Debug|Any CPU.Build.0 = Debug|Any CPU
		{8445DC57-814B-4509-8AFA-D2BC073E2989}.Release|Any CPU.ActiveCfg = Release|Any CPU
		{8445DC57-814B-4509-8AFA-D2BC073E2989}.Release|Any CPU.Build.0 = Release|Any CPU
		{6C935A11-0199-48B9-9163-A189B5828D6E}.Debug|Any CPU.ActiveCfg = Debug|Any CPU
		{6C935A11-0199-48B9-9163-A189B5828D6E}.Debug|Any CPU.Build.0 = Debug|Any CPU
		{6C935A11-0199-48B9-9163-A189B5828D6E}.Release|Any CPU.ActiveCfg = Release|Any CPU
		{6C935A11-0199-48B9-9163-A189B5828D6E}.Release|Any CPU.Build.0 = Release|Any CPU
		{35740CFA-7816-44AD-A465-53EC41E6725C}.Debug|Any CPU.ActiveCfg = Debug|Any CPU
		{35740CFA-7816-44AD-A465-53EC41E6725C}.Debug|Any CPU.Build.0 = Debug|Any CPU
		{35740CFA-7816-44AD-A465-53EC41E6725C}.Release|Any CPU.ActiveCfg = Release|Any CPU
		{35740CFA-7816-44AD-A465-53EC41E6725C}.Release|Any CPU.Build.0 = Release|Any CPU
		{BE68FF07-343B-4A88-87A9-844812835846}.Debug|Any CPU.ActiveCfg = Debug|Any CPU
		{BE68FF07-343B-4A88-87A9-844812835846}.Debug|Any CPU.Build.0 = Debug|Any CPU
		{BE68FF07-343B-4A88-87A9-844812835846}.Release|Any CPU.ActiveCfg = Release|Any CPU
		{BE68FF07-343B-4A88-87A9-844812835846}.Release|Any CPU.Build.0 = Release|Any CPU
		{CFF8F2A7-BE6A-40E5-816B-457C0F9E98D1}.Debug|Any CPU.ActiveCfg = Debug|Any CPU
		{CFF8F2A7-BE6A-40E5-816B-457C0F9E98D1}.Debug|Any CPU.Build.0 = Debug|Any CPU
		{CFF8F2A7-BE6A-40E5-816B-457C0F9E98D1}.Release|Any CPU.ActiveCfg = Release|Any CPU
		{CFF8F2A7-BE6A-40E5-816B-457C0F9E98D1}.Release|Any CPU.Build.0 = Release|Any CPU
		{62ECB446-8096-46C5-B1D2-E6C90D5CA331}.Debug|Any CPU.ActiveCfg = Debug|Any CPU
		{62ECB446-8096-46C5-B1D2-E6C90D5CA331}.Debug|Any CPU.Build.0 = Debug|Any CPU
		{62ECB446-8096-46C5-B1D2-E6C90D5CA331}.Release|Any CPU.ActiveCfg = Release|Any CPU
		{62ECB446-8096-46C5-B1D2-E6C90D5CA331}.Release|Any CPU.Build.0 = Release|Any CPU
		{EF7B19AA-EF7E-4B0F-A0F2-F379E26C511E}.Debug|Any CPU.ActiveCfg = Debug|Any CPU
		{EF7B19AA-EF7E-4B0F-A0F2-F379E26C511E}.Debug|Any CPU.Build.0 = Debug|Any CPU
		{EF7B19AA-EF7E-4B0F-A0F2-F379E26C511E}.Release|Any CPU.ActiveCfg = Release|Any CPU
		{EF7B19AA-EF7E-4B0F-A0F2-F379E26C511E}.Release|Any CPU.Build.0 = Release|Any CPU
		{02F1616B-0DFD-493F-86E7-B407759E868A}.Debug|Any CPU.ActiveCfg = Debug|Any CPU
		{02F1616B-0DFD-493F-86E7-B407759E868A}.Debug|Any CPU.Build.0 = Debug|Any CPU
		{02F1616B-0DFD-493F-86E7-B407759E868A}.Release|Any CPU.ActiveCfg = Release|Any CPU
		{02F1616B-0DFD-493F-86E7-B407759E868A}.Release|Any CPU.Build.0 = Release|Any CPU
	EndGlobalSection
	GlobalSection(SolutionProperties) = preSolution
		HideSolutionNode = FALSE
	EndGlobalSection
	GlobalSection(NestedProjects) = preSolution
		{79977DFE-70A1-4E80-B381-6D45091AB073} = {2017C802-BE1A-43AD-8F36-0EA9D8199BB1}
		{1B49BC9D-B505-4EA2-BDAB-5563BB523589} = {2017C802-BE1A-43AD-8F36-0EA9D8199BB1}
		{7431B7C2-04DB-4747-B256-6AED3DFEBE95} = {2017C802-BE1A-43AD-8F36-0EA9D8199BB1}
		{40B32384-E99E-414A-9F4A-A149F208FEE8} = {2017C802-BE1A-43AD-8F36-0EA9D8199BB1}
		{EC4373EA-9B3F-4A13-9369-5E9F6A6C18E8} = {2017C802-BE1A-43AD-8F36-0EA9D8199BB1}
		{6DF794F4-72F5-4803-B175-E5AABDBFBD1C} = {B0CDE8EC-6071-48A9-B649-BC5EC21CCF9A}
		{5F6B9371-6E0C-4E1D-940E-68971574145C} = {B0CDE8EC-6071-48A9-B649-BC5EC21CCF9A}
		{A1B5B1B4-6B23-4E44-AB43-72398B6265E3} = {B0CDE8EC-6071-48A9-B649-BC5EC21CCF9A}
		{47834A16-A064-46B3-9099-B1E1B3CB60F2} = {B0CDE8EC-6071-48A9-B649-BC5EC21CCF9A}
		{26187724-907B-43D8-BB01-711F8B0C5A73} = {B0CDE8EC-6071-48A9-B649-BC5EC21CCF9A}
		{ACDBAA5C-14F0-4240-BFEC-6D97321AEA46} = {0B572C1C-29E8-451F-9C3C-BB1CAF0F38B8}
		{8445DC57-814B-4509-8AFA-D2BC073E2989} = {0B572C1C-29E8-451F-9C3C-BB1CAF0F38B8}
		{6C935A11-0199-48B9-9163-A189B5828D6E} = {0B572C1C-29E8-451F-9C3C-BB1CAF0F38B8}
		{35740CFA-7816-44AD-A465-53EC41E6725C} = {0B572C1C-29E8-451F-9C3C-BB1CAF0F38B8}
		{BE68FF07-343B-4A88-87A9-844812835846} = {739858C3-4244-4A2A-A706-87156305A5F8}
		{CFF8F2A7-BE6A-40E5-816B-457C0F9E98D1} = {739858C3-4244-4A2A-A706-87156305A5F8}
		{62ECB446-8096-46C5-B1D2-E6C90D5CA331} = {739858C3-4244-4A2A-A706-87156305A5F8}
		{EF7B19AA-EF7E-4B0F-A0F2-F379E26C511E} = {739858C3-4244-4A2A-A706-87156305A5F8}
		{02F1616B-0DFD-493F-86E7-B407759E868A} = {C9E72A17-CAE4-4223-A96B-77814765B002}
	EndGlobalSection
	GlobalSection(ExtensibilityGlobals) = postSolution
		SolutionGuid = {A5DA6BA0-B971-463A-8D97-09A404BFE929}
	EndGlobalSection
EndGlobal
